
Microsoft Visual Studio Solution File, Format Version 12.00
# Visual Studio Version 17
VisualStudioVersion = 17.5.002.0
MinimumVisualStudioVersion = 10.0.40219.1
Project("{9A19103F-16F7-4668-BE54-9A1E7A4F7556}") = "Fuse.Server", "Fuse.Server\Fuse.Server.csproj", "{414AD23E-1131-435C-B80A-9757E2CAFBAD}"
EndProject
Project("{E24C65DC-7377-472B-9ABA-BC803B73C61A}") = "Fuse.Client", "Fuse.Client\", "{5FE93515-672E-4E0D-85F0-68958167D707}"
	ProjectSection(WebsiteProperties) = preProject
		TargetFrameworkMoniker = ".NETFramework,Version%3Dv4.8"
		Debug.AspNetCompiler.VirtualPath = "/localhost_62846"
		Debug.AspNetCompiler.PhysicalPath = "Fuse.Client\"
		Debug.AspNetCompiler.TargetPath = "PrecompiledWeb\localhost_62846\"
		Debug.AspNetCompiler.Updateable = "true"
		Debug.AspNetCompiler.ForceOverwrite = "true"
		Debug.AspNetCompiler.FixedNames = "false"
		Debug.AspNetCompiler.Debug = "True"
		Release.AspNetCompiler.VirtualPath = "/localhost_62846"
		Release.AspNetCompiler.PhysicalPath = "Fuse.Client\"
		Release.AspNetCompiler.TargetPath = "PrecompiledWeb\localhost_62846\"
		Release.AspNetCompiler.Updateable = "true"
		Release.AspNetCompiler.ForceOverwrite = "true"
		Release.AspNetCompiler.FixedNames = "false"
		Release.AspNetCompiler.Debug = "False"
		VWDPort = "62846"
		SlnRelativePath = "Fuse.Client\"
	EndProjectSection
EndProject
Global
	GlobalSection(SolutionConfigurationPlatforms) = preSolution
		Debug|Any CPU = Debug|Any CPU
		Release|Any CPU = Release|Any CPU
	EndGlobalSection
	GlobalSection(ProjectConfigurationPlatforms) = postSolution
		{414AD23E-1131-435C-B80A-9757E2CAFBAD}.Debug|Any CPU.ActiveCfg = Debug|Any CPU
		{414AD23E-1131-435C-B80A-9757E2CAFBAD}.Debug|Any CPU.Build.0 = Debug|Any CPU
		{414AD23E-1131-435C-B80A-9757E2CAFBAD}.Release|Any CPU.ActiveCfg = Release|Any CPU
		{414AD23E-1131-435C-B80A-9757E2CAFBAD}.Release|Any CPU.Build.0 = Release|Any CPU
		{5FE93515-672E-4E0D-85F0-68958167D707}.Debug|Any CPU.ActiveCfg = Debug|Any CPU
		{5FE93515-672E-4E0D-85F0-68958167D707}.Debug|Any CPU.Build.0 = Debug|Any CPU
		{5FE93515-672E-4E0D-85F0-68958167D707}.Release|Any CPU.ActiveCfg = Debug|Any CPU
		{5FE93515-672E-4E0D-85F0-68958167D707}.Release|Any CPU.Build.0 = Debug|Any CPU
	EndGlobalSection
	GlobalSection(SolutionProperties) = preSolution
		HideSolutionNode = FALSE
	EndGlobalSection
	GlobalSection(ExtensibilityGlobals) = postSolution
		SolutionGuid = {51FBCA5C-0109-4EB0-8373-B33EC8CA848D}
	EndGlobalSection
EndGlobal
